Microsoft Visual Studio Solution File, Format Version 12.00
# Visual Studio Version 17
VisualStudioVersion = 17.5.2.0
MinimumVisualStudioVersion = 10.0.40219.1
Project("{FAE04EC0-301F-11D3-BF4B-00C04F79EFBC}") = "VisualStudio", "VisualStudio.csproj", "{3A28866B-7919-DC13-DFF8-A86D42AA447B}"
EndProject
Global
	GlobalSection(SolutionConfigurationPlatforms) = preSolution
		Debug|Any CPU = Debug|Any CPU
		Release|Any CPU = Release|Any CPU
	EndGlobalSection
	GlobalSection(ProjectConfigurationPlatforms) = postSolution
		{3A28866B-7919-DC13-DFF8-A86D42AA447B}.Debug|Any CPU.ActiveCfg = Debug|Any CPU
		{3A28866B-7919-DC13-DFF8-A86D42AA447B}.Debug|Any CPU.Build.0 = Debug|Any CPU
		{3A28866B-7919-DC13-DFF8-A86D42AA447B}.Release|Any CPU.ActiveCfg = Release|Any CPU
		{3A28866B-7919-DC13-DFF8-A86D42AA447B}.Release|Any CPU.Build.0 = Release|Any CPU
	EndGlobalSection
	GlobalSection(SolutionProperties) = preSolution
		HideSolutionNode = FALSE
	EndGlobalSection
	GlobalSection(ExtensibilityGlobals) = postSolution
		SolutionGuid = {121DB545-2A38-484E-B173-FF3F9671D868}
	EndGlobalSection
EndGlobal
